
Microsoft Visual Studio Solution File, Format Version 12.00
# Visual Studio Version 16
VisualStudioVersion = 16.0.29728.190
MinimumVisualStudioVersion = 10.0.40219.1
Project("{2150E333-8FDC-42A3-9474-1A3956D46DE8}") = "Tests", "Tests", "{7E494C55-973D-4E95-BD9E-BCC6D0E79D89}"
EndProject
Project("{9A19103F-16F7-4668-BE54-9A1E7A4F7556}") = "Emphasis.Algorithms.Tests", "Emphasis.Algorithms.Tests\Emphasis.Algorithms.Tests.csproj", "{ECD06FFF-B7CB-46E1-85B6-FAD8435215DE}"
EndProject
Project("{9A19103F-16F7-4668-BE54-9A1E7A4F7556}") = "Emphasis.Algorithms.IndexOf", "Emphasis.Algorithms.IndexOf\Emphasis.Algorithms.IndexOf.csproj", "{314837D0-CE3D-4757-8ED7-7A91D13C6FDF}"
EndProject
Project("{9A19103F-16F7-4668-BE54-9A1E7A4F7556}") = "Emphasis.Algorithms.Tests.Benchmarks", "Emphasis.Algorithms.Tests.Benchmarks\Emphasis.Algorithms.Tests.Benchmarks.csproj", "{3912225D-F219-409C-8452-698ACB617024}"
EndProject
Project("{9A19103F-16F7-4668-BE54-9A1E7A4F7556}") = "Emphasis.Algorithms.IndexOf.OpenCL", "Emphasis.Algorithms.IndexOf.OpenCL\Emphasis.Algorithms.IndexOf.OpenCL.csproj", "{186DEC16-5FDC-418C-B9BA-D0887563825E}"
EndProject
Project("{9A19103F-16F7-4668-BE54-9A1E7A4F7556}") = "Emphasis.Algorithms.ConnectedComponentsAnalysis.OpenCL", "Emphasis.Algorithms.ConnectedComponentsAnalysis.OpenCL\Emphasis.Algorithms.ConnectedComponentsAnalysis.OpenCL.csproj", "{D6C7CADB-AD6F-4FF9-BEB5-FD3567B9555C}"
EndProject
Project("{9A19103F-16F7-4668-BE54-9A1E7A4F7556}") = "Emphasis.Algorithms.Resize.OpenCL", "Emphasis.Algorithms.Resize.OpenCL\Emphasis.Algorithms.Resize.OpenCL.csproj", "{F3B8598F-2CBC-4F62-88FF-D50BC68797D6}"
EndProject
Project("{9A19103F-16F7-4668-BE54-9A1E7A4F7556}") = "Emphasis.Algorithms.StrokeWidthTransform.OpenCL", "Emphasis.Algorithms.StrokeWidthTransform.OpenCL\Emphasis.Algorithms.StrokeWidthTransform.OpenCL.csproj", "{12A09D02-C537-46C6-8566-0FF2818641E1}"
EndProject
Project("{FAE04EC0-301F-11D3-BF4B-00C04F79EFBC}") = "Emphasis.Algorithms.Formula.OpenCL", "Emphasis.Algorithms.Formula.OpenCL\Emphasis.Algorithms.Formula.OpenCL.csproj", "{3AD873F3-7AF8-436F-85CD-495115A858E5}"
EndProject
Global
	GlobalSection(SolutionConfigurationPlatforms) = preSolution
		Debug|Any CPU = Debug|Any CPU
		Release|Any CPU = Release|Any CPU
	EndGlobalSection
	GlobalSection(ProjectConfigurationPlatforms) = postSolution
		{ECD06FFF-B7CB-46E1-85B6-FAD8435215DE}.Debug|Any CPU.ActiveCfg = Debug|Any CPU
		{ECD06FFF-B7CB-46E1-85B6-FAD8435215DE}.Debug|Any CPU.Build.0 = Debug|Any CPU
		{ECD06FFF-B7CB-46E1-85B6-FAD8435215DE}.Release|Any CPU.ActiveCfg = Release|Any CPU
		{ECD06FFF-B7CB-46E1-85B6-FAD8435215DE}.Release|Any CPU.Build.0 = Release|Any CPU
		{314837D0-CE3D-4757-8ED7-7A91D13C6FDF}.Debug|Any CPU.ActiveCfg = Debug|Any CPU
		{314837D0-CE3D-4757-8ED7-7A91D13C6FDF}.Debug|Any CPU.Build.0 = Debug|Any CPU
		{314837D0-CE3D-4757-8ED7-7A91D13C6FDF}.Release|Any CPU.ActiveCfg = Release|Any CPU
		{314837D0-CE3D-4757-8ED7-7A91D13C6FDF}.Release|Any CPU.Build.0 = Release|Any CPU
		{3912225D-F219-409C-8452-698ACB617024}.Debug|Any CPU.ActiveCfg = Debug|Any CPU
		{3912225D-F219-409C-8452-698ACB617024}.Debug|Any CPU.Build.0 = Debug|Any CPU
		{3912225D-F219-409C-8452-698ACB617024}.Release|Any CPU.ActiveCfg = Release|Any CPU
		{3912225D-F219-409C-8452-698ACB617024}.Release|Any CPU.Build.0 = Release|Any CPU
		{186DEC16-5FDC-418C-B9BA-D0887563825E}.Debug|Any CPU.ActiveCfg = Debug|Any CPU
		{186DEC16-5FDC-418C-B9BA-D0887563825E}.Debug|Any CPU.Build.0 = Debug|Any CPU
		{186DEC16-5FDC-418C-B9BA-D0887563825E}.Release|Any CPU.ActiveCfg = Release|Any CPU
		{186DEC16-5FDC-418C-B9BA-D0887563825E}.Release|Any CPU.Build.0 = Release|Any CPU
		{D6C7CADB-AD6F-4FF9-BEB5-FD3567B9555C}.Debug|Any CPU.ActiveCfg = Debug|Any CPU
		{D6C7CADB-AD6F-4FF9-BEB5-FD3567B9555C}.Debug|Any CPU.Build.0 = Debug|Any CPU
		{D6C7CADB-AD6F-4FF9-BEB5-FD3567B9555C}.Release|Any CPU.ActiveCfg = Release|Any CPU
		{D6C7CADB-AD6F-4FF9-BEB5-FD3567B9555C}.Release|Any CPU.Build.0 = Release|Any CPU
		{F3B8598F-2CBC-4F62-88FF-D50BC68797D6}.Debug|Any CPU.ActiveCfg = Debug|Any CPU
		{F3B8598F-2CBC-4F62-88FF-D50BC68797D6}.Debug|Any CPU.Build.0 = Debug|Any CPU
		{F3B8598F-2CBC-4F62-88FF-D50BC68797D6}.Release|Any CPU.ActiveCfg = Release|Any CPU
		{F3B8598F-2CBC-4F62-88FF-D50BC68797D6}.Release|Any CPU.Build.0 = Release|Any CPU
		{12A09D02-C537-46C6-8566-0FF2818641E1}.Debug|Any CPU.ActiveCfg = Debug|Any CPU
		{12A09D02-C537-46C6-8566-0FF2818641E1}.Debug|Any CPU.Build.0 = Debug|Any CPU
		{12A09D02-C537-46C6-8566-0FF2818641E1}.Release|Any CPU.ActiveCfg = Release|Any CPU
		{12A09D02-C537-46C6-8566-0FF2818641E1}.Release|Any CPU.Build.0 = Release|Any CPU
		{3AD873F3-7AF8-436F-85CD-495115A858E5}.Debug|Any CPU.ActiveCfg = Debug|Any CPU
		{3AD873F3-7AF8-436F-85CD-495115A858E5}.Debug|Any CPU.Build.0 = Debug|Any CPU
		{3AD873F3-7AF8-436F-85CD-495115A858E5}.Release|Any CPU.ActiveCfg = Release|Any CPU
		{3AD873F3-7AF8-436F-85CD-495115A858E5}.Release|Any CPU.Build.0 = Release|Any CPU
	EndGlobalSection
	GlobalSection(SolutionProperties) = preSolution
		HideSolutionNode = FALSE
	EndGlobalSection
	GlobalSection(NestedProjects) = preSolution
		{ECD06FFF-B7CB-46E1-85B6-FAD8435215DE} = {7E494C55-973D-4E95-BD9E-BCC6D0E79D89}
		{3912225D-F219-409C-8452-698ACB617024} = {7E494C55-973D-4E95-BD9E-BCC6D0E79D89}
	EndGlobalSection
	GlobalSection(ExtensibilityGlobals) = postSolution
		SolutionGuid = {403BF554-2884-4050-996C-144B9DE4143F}
	EndGlobalSection
EndGlobal
